// !$*UTF8*$!
{
	archiveVersion = 1;
	classes = {
	};
	objectVersion = 48;
	objects = {

/* Begin PBXBuildFile section */
		4AD48171BC7C958FC9BF1DBB /* libPods-Recognizer Chords.a in Frameworks */ = {isa = PBXBuildFile; fileRef = 9B2746EC73680AED9D20B397 /* libPods-Recognizer Chords.a */; };
		A684733C209CEB0000AD89CD /* MenuBar.swift in Sources */ = {isa = PBXBuildFile; fileRef = A684733B209CEB0000AD89CD /* MenuBar.swift */; };
		A684733E209CEB0F00AD89CD /* ScoreBar.swift in Sources */ = {isa = PBXBuildFile; fileRef = A684733D209CEB0F00AD89CD /* ScoreBar.swift */; };
		A6847340209CEB2E00AD89CD /* BaseBar.swift in Sources */ = {isa = PBXBuildFile; fileRef = A684733F209CEB2E00AD89CD /* BaseBar.swift */; };
		A6847344209CED2700AD89CD /* ChordsInfo.swift in Sources */ = {isa = PBXBuildFile; fileRef = A6847343209CED2700AD89CD /* ChordsInfo.swift */; };
		A6847346209CEDB100AD89CD /* Settings.swift in Sources */ = {isa = PBXBuildFile; fileRef = A6847345209CEDB100AD89CD /* Settings.swift */; };
		A6847348209CEE2100AD89CD /* LastScores.swift in Sources */ = {isa = PBXBuildFile; fileRef = A6847347209CEE2100AD89CD /* LastScores.swift */; };
		A684734A209CEE7000AD89CD /* Headphones.swift in Sources */ = {isa = PBXBuildFile; fileRef = A6847349209CEE7000AD89CD /* Headphones.swift */; };
		A6847351209CF21300AD89CD /* ScoreCell.swift in Sources */ = {isa = PBXBuildFile; fileRef = A6847350209CF21300AD89CD /* ScoreCell.swift */; };
		A6847353209CF23B00AD89CD /* ChordsCell.swift in Sources */ = {isa = PBXBuildFile; fileRef = A6847352209CF23B00AD89CD /* ChordsCell.swift */; };
		A6847355209CF28300AD89CD /* BaseCell.swift in Sources */ = {isa = PBXBuildFile; fileRef = A6847354209CF28300AD89CD /* BaseCell.swift */; };
		A6847358209CF36000AD89CD /* TwoChords.swift in Sources */ = {isa = PBXBuildFile; fileRef = A6847357209CF36000AD89CD /* TwoChords.swift */; };
		A684735A209CF3F000AD89CD /* FourChords.swift in Sources */ = {isa = PBXBuildFile; fileRef = A6847359209CF3F000AD89CD /* FourChords.swift */; };
		A684735C209CF40D00AD89CD /* EigthChords.swift in Sources */ = {isa = PBXBuildFile; fileRef = A684735B209CF40D00AD89CD /* EigthChords.swift */; };
		A6A3502E207E504C000E79E1 /* AppDelegate.swift in Sources */ = {isa = PBXBuildFile; fileRef = A6A3502D207E504C000E79E1 /* AppDelegate.swift */; };
		A6A35030207E504C000E79E1 /* Networking.swift in Sources */ = {isa = PBXBuildFile; fileRef = A6A3502F207E504C000E79E1 /* Networking.swift */; };
		A6A35033207E504C000E79E1 /* Main.storyboard in Resources */ = {isa = PBXBuildFile; fileRef = A6A35031207E504C000E79E1 /* Main.storyboard */; };
		A6A35035207E504C000E79E1 /* Assets.xcassets in Resources */ = {isa = PBXBuildFile; fileRef = A6A35034207E504C000E79E1 /* Assets.xcassets */; };
		A6A35038207E504C000E79E1 /* LaunchScreen.storyboard in Resources */ = {isa = PBXBuildFile; fileRef = A6A35036207E504C000E79E1 /* LaunchScreen.storyboard */; };
		A6BC0AE1208524DD00D2AF6C /* FirstScreenViewController.swift in Sources */ = {isa = PBXBuildFile; fileRef = A6BC0AE0208524DD00D2AF6C /* FirstScreenViewController.swift */; };
		A6BC0AE3208524EA00D2AF6C /* SecondScreenViewController.swift in Sources */ = {isa = PBXBuildFile; fileRef = A6BC0AE2208524E900D2AF6C /* SecondScreenViewController.swift */; };
		A6BC0AE5208524F600D2AF6C /* ThirdScreenViewController.swift in Sources */ = {isa = PBXBuildFile; fileRef = A6BC0AE4208524F600D2AF6C /* ThirdScreenViewController.swift */; };
/* End PBXBuildFile section */

/* Begin PBXFileReference section */
		5DB012AD6305BF70E66D0DD3 /* Pods-Recognizer Chords.debug.xcconfig */ = {isa = PBXFileReference; includeInIndex = 1; lastKnownFileType = text.xcconfig; name = "Pods-Recognizer Chords.debug.xcconfig"; path = "Pods/Target Support Files/Pods-Recognizer Chords/Pods-Recognizer Chords.debug.xcconfig"; sourceTree = "<group>"; };
		9B2746EC73680AED9D20B397 /* libPods-Recognizer Chords.a */ = {isa = PBXFileReference; explicitFileType = archive.ar; includeInIndex = 0; path = "libPods-Recognizer Chords.a"; sourceTree = BUILT_PRODUCTS_DIR; };
		A5B70A3B4E59E301089A3BD1 /* Pods-Recognizer Chords.release.xcconfig */ = {isa = PBXFileReference; includeInIndex = 1; lastKnownFileType = text.xcconfig; name = "Pods-Recognizer Chords.release.xcconfig"; path = "Pods/Target Support Files/Pods-Recognizer Chords/Pods-Recognizer Chords.release.xcconfig"; sourceTree = "<group>"; };
		A61BE9CE208E6868004023EE /* README.md */ = {isa = PBXFileReference; lastKnownFileType = net.daringfireball.markdown; path = README.md; sourceTree = "<group>"; };
		A684733B209CEB0000AD89CD /* MenuBar.swift */ = {isa = PBXFileReference; lastKnownFileType = sourcecode.swift; path = MenuBar.swift; sourceTree = "<group>"; };
		A684733D209CEB0F00AD89CD /* ScoreBar.swift */ = {isa = PBXFileReference; lastKnownFileType = sourcecode.swift; path = ScoreBar.swift; sourceTree = "<group>"; };
		A684733F209CEB2E00AD89CD /* BaseBar.swift */ = {isa = PBXFileReference; lastKnownFileType = sourcecode.swift; path = BaseBar.swift; sourceTree = "<group>"; };
		A6847343209CED2700AD89CD /* ChordsInfo.swift */ = {isa = PBXFileReference; lastKnownFileType = sourcecode.swift; path = ChordsInfo.swift; sourceTree = "<group>"; };
		A6847345209CEDB100AD89CD /* Settings.swift */ = {isa = PBXFileReference; lastKnownFileType = sourcecode.swift; path = Settings.swift; sourceTree = "<group>"; };
		A6847347209CEE2100AD89CD /* LastScores.swift */ = {isa = PBXFileReference; lastKnownFileType = sourcecode.swift; path = LastScores.swift; sourceTree = "<group>"; };
		A6847349209CEE7000AD89CD /* Headphones.swift */ = {isa = PBXFileReference; lastKnownFileType = sourcecode.swift; path = Headphones.swift; sourceTree = "<group>"; };
		A6847350209CF21300AD89CD /* ScoreCell.swift */ = {isa = PBXFileReference; lastKnownFileType = sourcecode.swift; name = ScoreCell.swift; path = "Recognizer Chords/View/cells/ScoreCell.swift"; sourceTree = SOURCE_ROOT; };
		A6847352209CF23B00AD89CD /* ChordsCell.swift */ = {isa = PBXFileReference; lastKnownFileType = sourcecode.swift; name = ChordsCell.swift; path = "Recognizer Chords/View/cells/ChordsCell.swift"; sourceTree = SOURCE_ROOT; };
		A6847354209CF28300AD89CD /* BaseCell.swift */ = {isa = PBXFileReference; lastKnownFileType = sourcecode.swift; name = BaseCell.swift; path = "Recognizer Chords/View/cells/BaseCell.swift"; sourceTree = SOURCE_ROOT; };
		A6847357209CF36000AD89CD /* TwoChords.swift */ = {isa = PBXFileReference; lastKnownFileType = sourcecode.swift; path = TwoChords.swift; sourceTree = "<group>"; };
		A6847359209CF3F000AD89CD /* FourChords.swift */ = {isa = PBXFileReference; lastKnownFileType = sourcecode.swift; path = FourChords.swift; sourceTree = "<group>"; };
		A684735B209CF40D00AD89CD /* EigthChords.swift */ = {isa = PBXFileReference; lastKnownFileType = sourcecode.swift; path = EigthChords.swift; sourceTree = "<group>"; };
		A6A3502A207E504C000E79E1 /* Recognizer Chords.app */ = {isa = PBXFileReference; explicitFileType = wrapper.application; includeInIndex = 0; path = "Recognizer Chords.app"; sourceTree = BUILT_PRODUCTS_DIR; };
		A6A3502D207E504C000E79E1 /* AppDelegate.swift */ = {isa = PBXFileReference; lastKnownFileType = sourcecode.swift; path = AppDelegate.swift; sourceTree = "<group>"; };
		A6A3502F207E504C000E79E1 /* Networking.swift */ = {isa = PBXFileReference; lastKnownFileType = sourcecode.swift; path = Networking.swift; sourceTree = "<group>"; };
		A6A35032207E504C000E79E1 /* Base */ = {isa = PBXFileReference; lastKnownFileType = file.storyboard; name = Base; path = Base.lproj/Main.storyboard; sourceTree = "<group>"; };
		A6A35034207E504C000E79E1 /* Assets.xcassets */ = {isa = PBXFileReference; lastKnownFileType = folder.assetcatalog; path = Assets.xcassets; sourceTree = "<group>"; };
		A6A35037207E504C000E79E1 /* Base */ = {isa = PBXFileReference; lastKnownFileType = file.storyboard; name = Base; path = Base.lproj/LaunchScreen.storyboard; sourceTree = "<group>"; };
		A6A35039207E504C000E79E1 /* Info.plist */ = {isa = PBXFileReference; lastKnownFileType = text.plist.xml; path = Info.plist; sourceTree = "<group>"; };
		A6BC0AE0208524DD00D2AF6C /* FirstScreenViewController.swift */ = {isa = PBXFileReference; lastKnownFileType = sourcecode.swift; path = FirstScreenViewController.swift; sourceTree = "<group>"; };
		A6BC0AE2208524E900D2AF6C /* SecondScreenViewController.swift */ = {isa = PBXFileReference; lastKnownFileType = sourcecode.swift; path = SecondScreenViewController.swift; sourceTree = "<group>"; };
		A6BC0AE4208524F600D2AF6C /* ThirdScreenViewController.swift */ = {isa = PBXFileReference; lastKnownFileType = sourcecode.swift; path = ThirdScreenViewController.swift; sourceTree = "<group>"; };
/* End PBXFileReference section */

/* Begin PBXFrameworksBuildPhase section */
		A6A35027207E504C000E79E1 /* Frameworks */ = {
			isa = PBXFrameworksBuildPhase;
			buildActionMask = 2147483647;
			files = (
				4AD48171BC7C958FC9BF1DBB /* libPods-Recognizer Chords.a in Frameworks */,
			);
			runOnlyForDeploymentPostprocessing = 0;
		};
/* End PBXFrameworksBuildPhase section */

/* Begin PBXGroup section */
		1CE7930884432BE4E23B7B41 /* Pods */ = {
			isa = PBXGroup;
			children = (
				5DB012AD6305BF70E66D0DD3 /* Pods-Recognizer Chords.debug.xcconfig */,
				A5B70A3B4E59E301089A3BD1 /* Pods-Recognizer Chords.release.xcconfig */,
			);
			name = Pods;
			sourceTree = "<group>";
		};
		A60E686220927221004C601B /* VIew */ = {
			isa = PBXGroup;
			children = (
				A684734C209CEEE400AD89CD /* bars */,
				A684734B209CEEBD00AD89CD /* auxiliares */,
				A6847356209CF2F400AD89CD /* user interaction */,
				A684734F209CF10E00AD89CD /* cells */,
			);
			name = VIew;
			path = ..;
			sourceTree = "<group>";
		};
		A684734B209CEEBD00AD89CD /* auxiliares */ = {
			isa = PBXGroup;
			children = (
				A6847343209CED2700AD89CD /* ChordsInfo.swift */,
				A6847345209CEDB100AD89CD /* Settings.swift */,
				A6847347209CEE2100AD89CD /* LastScores.swift */,
				A6847349209CEE7000AD89CD /* Headphones.swift */,
			);
			name = auxiliares;
			path = "Recognizer Chords/View/auxiliares";
			sourceTree = "<group>";
		};
		A684734C209CEEE400AD89CD /* bars */ = {
			isa = PBXGroup;
			children = (
				A684733F209CEB2E00AD89CD /* BaseBar.swift */,
				A684733B209CEB0000AD89CD /* MenuBar.swift */,
				A684733D209CEB0F00AD89CD /* ScoreBar.swift */,
			);
			name = bars;
			path = "Recognizer Chords/View/bars";
			sourceTree = "<group>";
		};
		A684734F209CF10E00AD89CD /* cells */ = {
			isa = PBXGroup;
			children = (
				A6847350209CF21300AD89CD /* ScoreCell.swift */,
				A6847352209CF23B00AD89CD /* ChordsCell.swift */,
				A6847354209CF28300AD89CD /* BaseCell.swift */,
			);
			name = cells;
			path = "Recognizer Chords/View/cells";
			sourceTree = "<group>";
		};
		A6847356209CF2F400AD89CD /* user interaction */ = {
			isa = PBXGroup;
			children = (
				A6847357209CF36000AD89CD /* TwoChords.swift */,
				A6847359209CF3F000AD89CD /* FourChords.swift */,
				A684735B209CF40D00AD89CD /* EigthChords.swift */,
			);
			name = "user interaction";
			path = "Recognizer Chords/View/user interaction";
			sourceTree = "<group>";
		};
		A6A35021207E504C000E79E1 = {
			isa = PBXGroup;
			children = (
				A6A3502C207E504C000E79E1 /* Recognizer Chords */,
				A6A3502B207E504C000E79E1 /* Products */,
				1CE7930884432BE4E23B7B41 /* Pods */,
				DC90F1BA0BA035ECC0E48262 /* Frameworks */,
			);
			sourceTree = "<group>";
		};
		A6A3502B207E504C000E79E1 /* Products */ = {
			isa = PBXGroup;
			children = (
				A6A3502A207E504C000E79E1 /* Recognizer Chords.app */,
			);
			name = Products;
			sourceTree = "<group>";
		};
		A6A3502C207E504C000E79E1 /* Recognizer Chords */ = {
			isa = PBXGroup;
			children = (
				A6A3502D207E504C000E79E1 /* AppDelegate.swift */,
				A60E686220927221004C601B /* VIew */,
				A6BC0AD92085243C00D2AF6C /* Controllers */,
				A6DE85FE2086A33400DBBE3A /* Networking */,
				A6BC0AE6208542C800D2AF6C /* Resources */,
				A6BC0AE7208542EB00D2AF6C /* Supporting files */,
			);
			path = "Recognizer Chords";
			sourceTree = "<group>";
		};
		A6BC0AD92085243C00D2AF6C /* Controllers */ = {
			isa = PBXGroup;
			children = (
				A6BC0AE0208524DD00D2AF6C /* FirstScreenViewController.swift */,
				A6BC0AE2208524E900D2AF6C /* SecondScreenViewController.swift */,
				A6BC0AE4208524F600D2AF6C /* ThirdScreenViewController.swift */,
			);
			path = Controllers;
			sourceTree = "<group>";
		};
		A6BC0AE6208542C800D2AF6C /* Resources */ = {
			isa = PBXGroup;
			children = (
				A6A35031207E504C000E79E1 /* Main.storyboard */,
				A6A35034207E504C000E79E1 /* Assets.xcassets */,
				A6A35036207E504C000E79E1 /* LaunchScreen.storyboard */,
			);
			path = Resources;
			sourceTree = "<group>";
		};
		A6BC0AE7208542EB00D2AF6C /* Supporting files */ = {
			isa = PBXGroup;
			children = (
				A6A35039207E504C000E79E1 /* Info.plist */,
				A61BE9CE208E6868004023EE /* README.md */,
			);
			path = "Supporting files";
			sourceTree = "<group>";
		};
		A6DE85FE2086A33400DBBE3A /* Networking */ = {
			isa = PBXGroup;
			children = (
				A6A3502F207E504C000E79E1 /* Networking.swift */,
			);
			path = Networking;
			sourceTree = "<group>";
		};
		DC90F1BA0BA035ECC0E48262 /* Frameworks */ = {
			isa = PBXGroup;
			children = (
				9B2746EC73680AED9D20B397 /* libPods-Recognizer Chords.a */,
			);
			name = Frameworks;
			sourceTree = "<group>";
		};
/* End PBXGroup section */

/* Begin PBXNativeTarget section */
		A6A35029207E504C000E79E1 /* Recognizer Chords */ = {
			isa = PBXNativeTarget;
			buildConfigurationList = A6A3503C207E504C000E79E1 /* Build configuration list for PBXNativeTarget "Recognizer Chords" */;
			buildPhases = (
				72E65BC81A2F84F3071AE00D /* [CP] Check Pods Manifest.lock */,
				A6A35026207E504C000E79E1 /* Sources */,
				A6A35027207E504C000E79E1 /* Frameworks */,
				A6A35028207E504C000E79E1 /* Resources */,
			);
			buildRules = (
			);
			dependencies = (
			);
			name = "Recognizer Chords";
			productName = "Recognizer Chords";
			productReference = A6A3502A207E504C000E79E1 /* Recognizer Chords.app */;
			productType = "com.apple.product-type.application";
		};
/* End PBXNativeTarget section */

/* Begin PBXProject section */
		A6A35022207E504C000E79E1 /* Project object */ = {
			isa = PBXProject;
			attributes = {
				LastSwiftUpdateCheck = 0920;
				LastUpgradeCheck = 0920;
				ORGANIZATIONNAME = luko;
				TargetAttributes = {
					A6A35029207E504C000E79E1 = {
						CreatedOnToolsVersion = 9.2;
						ProvisioningStyle = Automatic;
					};
				};
			};
			buildConfigurationList = A6A35025207E504C000E79E1 /* Build configuration list for PBXProject "Recognizer Chords" */;
			compatibilityVersion = "Xcode 8.0";
			developmentRegion = en;
			hasScannedForEncodings = 0;
			knownRegions = (
				en,
				Base,
			);
			mainGroup = A6A35021207E504C000E79E1;
			productRefGroup = A6A3502B207E504C000E79E1 /* Products */;
			projectDirPath = "";
			projectRoot = "";
			targets = (
				A6A35029207E504C000E79E1 /* Recognizer Chords */,
			);
		};
/* End PBXProject section */

/* Begin PBXResourcesBuildPhase section */
		A6A35028207E504C000E79E1 /* Resources */ = {
			isa = PBXResourcesBuildPhase;
			buildActionMask = 2147483647;
			files = (
				A6A35038207E504C000E79E1 /* LaunchScreen.storyboard in Resources */,
				A6A35035207E504C000E79E1 /* Assets.xcassets in Resources */,
				A6A35033207E504C000E79E1 /* Main.storyboard in Resources */,
			);
			runOnlyForDeploymentPostprocessing = 0;
		};
/* End PBXResourcesBuildPhase section */

/* Begin PBXShellScriptBuildPhase section */
		72E65BC81A2F84F3071AE00D /* [CP] Check Pods Manifest.lock */ = {
			isa = PBXShellScriptBuildPhase;
			buildActionMask = 2147483647;
			files = (
			);
			inputPaths = (
				"${PODS_PODFILE_DIR_PATH}/Podfile.lock",
				"${PODS_ROOT}/Manifest.lock",
			);
			name = "[CP] Check Pods Manifest.lock";
			outputPaths = (
				"$(DERIVED_FILE_DIR)/Pods-Recognizer Chords-checkManifestLockResult.txt",
			);
			runOnlyForDeploymentPostprocessing = 0;
			shellPath = /bin/sh;
			shellScript = "diff \"${PODS_PODFILE_DIR_PATH}/Podfile.lock\" \"${PODS_ROOT}/Manifest.lock\" > /dev/null\nif [ $? != 0 ] ; then\n    # print error to STDERR\n    echo \"error: The sandbox is not in sync with the Podfile.lock. Run 'pod install' or update your CocoaPods installation.\" >&2\n    exit 1\nfi\n# This output is used by Xcode 'outputs' to avoid re-running this script phase.\necho \"SUCCESS\" > \"${SCRIPT_OUTPUT_FILE_0}\"\n";
			showEnvVarsInLog = 0;
		};
/* End PBXShellScriptBuildPhase section */

/* Begin PBXSourcesBuildPhase section */
		A6A35026207E504C000E79E1 /* Sources */ = {
			isa = PBXSourcesBuildPhase;
			buildActionMask = 2147483647;
			files = (
				A6847340209CEB2E00AD89CD /* BaseBar.swift in Sources */,
				A6BC0AE3208524EA00D2AF6C /* SecondScreenViewController.swift in Sources */,
				A6BC0AE5208524F600D2AF6C /* ThirdScreenViewController.swift in Sources */,
				A684733C209CEB0000AD89CD /* MenuBar.swift in Sources */,
				A684735C209CF40D00AD89CD /* EigthChords.swift in Sources */,
				A6847355209CF28300AD89CD /* BaseCell.swift in Sources */,
				A6847351209CF21300AD89CD /* ScoreCell.swift in Sources */,
				A6847346209CEDB100AD89CD /* Settings.swift in Sources */,
				A6847358209CF36000AD89CD /* TwoChords.swift in Sources */,
				A6847348209CEE2100AD89CD /* LastScores.swift in Sources */,
				A684734A209CEE7000AD89CD /* Headphones.swift in Sources */,
				A684733E209CEB0F00AD89CD /* ScoreBar.swift in Sources */,
				A6A35030207E504C000E79E1 /* Networking.swift in Sources */,
				A684735A209CF3F000AD89CD /* FourChords.swift in Sources */,
				A6847353209CF23B00AD89CD /* ChordsCell.swift in Sources */,
				A6847344209CED2700AD89CD /* ChordsInfo.swift in Sources */,
				A6BC0AE1208524DD00D2AF6C /* FirstScreenViewController.swift in Sources */,
				A6A3502E207E504C000E79E1 /* AppDelegate.swift in Sources */,
			);
			runOnlyForDeploymentPostprocessing = 0;
		};
/* End PBXSourcesBuildPhase section */

/* Begin PBXVariantGroup section */
		A6A35031207E504C000E79E1 /* Main.storyboard */ = {
			isa = PBXVariantGroup;
			children = (
				A6A35032207E504C000E79E1 /* Base */,
			);
			name = Main.storyboard;
			sourceTree = "<group>";
		};
		A6A35036207E504C000E79E1 /* LaunchScreen.storyboard */ = {
			isa = PBXVariantGroup;
			children = (
				A6A35037207E504C000E79E1 /* Base */,
			);
			name = LaunchScreen.storyboard;
			sourceTree = "<group>";
		};
/* End PBXVariantGroup section */

/* Begin XCBuildConfiguration section */
		A6A3503A207E504C000E79E1 /* Debug */ = {
			isa = XCBuildConfiguration;
			buildSettings = {
				ALWAYS_SEARCH_USER_PATHS = NO;
				CLANG_ANALYZER_NONNULL = YES;
				CLANG_ANALYZER_NUMBER_OBJECT_CONVERSION = YES_AGGRESSIVE;
				CLANG_CXX_LANGUAGE_STANDARD = "gnu++14";
				CLANG_CXX_LIBRARY = "libc++";
				CLANG_ENABLE_MODULES = YES;
				CLANG_ENABLE_OBJC_ARC = YES;
				CLANG_WARN_BLOCK_CAPTURE_AUTORELEASING = YES;
				CLANG_WARN_BOOL_CONVERSION = YES;
				CLANG_WARN_COMMA = YES;
				CLANG_WARN_CONSTANT_CONVERSION = YES;
				CLANG_WARN_DIRECT_OBJC_ISA_USAGE = YES_ERROR;
				CLANG_WARN_DOCUMENTATION_COMMENTS = YES;
				CLANG_WARN_EMPTY_BODY = YES;
				CLANG_WARN_ENUM_CONVERSION = YES;
				CLANG_WARN_INFINITE_RECURSION = YES;
				CLANG_WARN_INT_CONVERSION = YES;
				CLANG_WARN_NON_LITERAL_NULL_CONVERSION = YES;
				CLANG_WARN_OBJC_LITERAL_CONVERSION = YES;
				CLANG_WARN_OBJC_ROOT_CLASS = YES_ERROR;
				CLANG_WARN_RANGE_LOOP_ANALYSIS = YES;
				CLANG_WARN_STRICT_PROTOTYPES = YES;
				CLANG_WARN_SUSPICIOUS_MOVE = YES;
				CLANG_WARN_UNGUARDED_AVAILABILITY = YES_AGGRESSIVE;
				CLANG_WARN_UNREACHABLE_CODE = YES;
				CLANG_WARN__DUPLICATE_METHOD_MATCH = YES;
				CODE_SIGN_IDENTITY = "iPhone Developer";
				COPY_PHASE_STRIP = NO;
				DEBUG_INFORMATION_FORMAT = dwarf;
				ENABLE_STRICT_OBJC_MSGSEND = YES;
				ENABLE_TESTABILITY = YES;
				GCC_C_LANGUAGE_STANDARD = gnu11;
				GCC_DYNAMIC_NO_PIC = NO;
				GCC_NO_COMMON_BLOCKS = YES;
				GCC_OPTIMIZATION_LEVEL = 0;
				GCC_PREPROCESSOR_DEFINITIONS = (
					"DEBUG=1",
					"$(inherited)",
				);
				GCC_WARN_64_TO_32_BIT_CONVERSION = YES;
				GCC_WARN_ABOUT_RETURN_TYPE = YES_ERROR;
				GCC_WARN_UNDECLARED_SELECTOR = YES;
				GCC_WARN_UNINITIALIZED_AUTOS = YES_AGGRESSIVE;
				GCC_WARN_UNUSED_FUNCTION = YES;
				GCC_WARN_UNUSED_VARIABLE = YES;
				IPHONEOS_DEPLOYMENT_TARGET = 11.2;
				MTL_ENABLE_DEBUG_INFO = YES;
				ONLY_ACTIVE_ARCH = YES;
				SDKROOT = iphoneos;
				SWIFT_ACTIVE_COMPILATION_CONDITIONS = DEBUG;
				SWIFT_OPTIMIZATION_LEVEL = "-Onone";
			};
			name = Debug;
		};
		A6A3503B207E504C000E79E1 /* Release */ = {
			isa = XCBuildConfiguration;
			buildSettings = {
				ALWAYS_SEARCH_USER_PATHS = NO;
				CLANG_ANALYZER_NONNULL = YES;
				CLANG_ANALYZER_NUMBER_OBJECT_CONVERSION = YES_AGGRESSIVE;
				CLANG_CXX_LANGUAGE_STANDARD = "gnu++14";
				CLANG_CXX_LIBRARY = "libc++";
				CLANG_ENABLE_MODULES = YES;
				CLANG_ENABLE_OBJC_ARC = YES;
				CLANG_WARN_BLOCK_CAPTURE_AUTORELEASING = YES;
				CLANG_WARN_BOOL_CONVERSION = YES;
				CLANG_WARN_COMMA = YES;
				CLANG_WARN_CONSTANT_CONVERSION = YES;
				CLANG_WARN_DIRECT_OBJC_ISA_USAGE = YES_ERROR;
				CLANG_WARN_DOCUMENTATION_COMMENTS = YES;
				CLANG_WARN_EMPTY_BODY = YES;
				CLANG_WARN_ENUM_CONVERSION = YES;
				CLANG_WARN_INFINITE_RECURSION = YES;
				CLANG_WARN_INT_CONVERSION = YES;
				CLANG_WARN_NON_LITERAL_NULL_CONVERSION = YES;
				CLANG_WARN_OBJC_LITERAL_CONVERSION = YES;
				CLANG_WARN_OBJC_ROOT_CLASS = YES_ERROR;
				CLANG_WARN_RANGE_LOOP_ANALYSIS = YES;
				CLANG_WARN_STRICT_PROTOTYPES = YES;
				CLANG_WARN_SUSPICIOUS_MOVE = YES;
				CLANG_WARN_UNGUARDED_AVAILABILITY = YES_AGGRESSIVE;
				CLANG_WARN_UNREACHABLE_CODE = YES;
				CLANG_WARN__DUPLICATE_METHOD_MATCH = YES;
				CODE_SIGN_IDENTITY = "iPhone Developer";
				COPY_PHASE_STRIP = NO;
				DEBUG_INFORMATION_FORMAT = "dwarf-with-dsym";
				ENABLE_NS_ASSERTIONS = NO;
				ENABLE_STRICT_OBJC_MSGSEND = YES;
				GCC_C_LANGUAGE_STANDARD = gnu11;
				GCC_NO_COMMON_BLOCKS = YES;
				GCC_WARN_64_TO_32_BIT_CONVERSION = YES;
				GCC_WARN_ABOUT_RETURN_TYPE = YES_ERROR;
				GCC_WARN_UNDECLARED_SELECTOR = YES;
				GCC_WARN_UNINITIALIZED_AUTOS = YES_AGGRESSIVE;
				GCC_WARN_UNUSED_FUNCTION = YES;
				GCC_WARN_UNUSED_VARIABLE = YES;
				IPHONEOS_DEPLOYMENT_TARGET = 11.2;
				MTL_ENABLE_DEBUG_INFO = NO;
				SDKROOT = iphoneos;
				SWIFT_OPTIMIZATION_LEVEL = "-Owholemodule";
				VALIDATE_PRODUCT = YES;
			};
			name = Release;
		};
		A6A3503D207E504C000E79E1 /* Debug */ = {
			isa = XCBuildConfiguration;
			baseConfigurationReference = 5DB012AD6305BF70E66D0DD3 /* Pods-Recognizer Chords.debug.xcconfig */;
			buildSettings = {
				ASSETCATALOG_COMPILER_APPICON_NAME = AppIcon;
				CODE_SIGN_STYLE = Automatic;
				DEVELOPMENT_TEAM = QE68JBKWWB;
				INFOPLIST_FILE = "$(SRCROOT)/Recognizer Chords/Supporting files/Info.plist";
				IPHONEOS_DEPLOYMENT_TARGET = 10.0;
				LD_RUNPATH_SEARCH_PATHS = "$(inherited) @executable_path/Frameworks";
				PRODUCT_BUNDLE_IDENTIFIER = "com.luko.Recognizer-Chords";
				PRODUCT_NAME = "$(TARGET_NAME)";
				SWIFT_VERSION = 4.0;
				TARGETED_DEVICE_FAMILY = "1,2";
			};
			name = Debug;
		};
		A6A3503E207E504C000E79E1 /* Release */ = {
			isa = XCBuildConfiguration;
			baseConfigurationReference = A5B70A3B4E59E301089A3BD1 /* Pods-Recognizer Chords.release.xcconfig */;
			buildSettings = {
				ASSETCATALOG_COMPILER_APPICON_NAME = AppIcon;
				CODE_SIGN_STYLE = Automatic;
				DEVELOPMENT_TEAM = QE68JBKWWB;
				INFOPLIST_FILE = "$(SRCROOT)/Recognizer Chords/Supporting files/Info.plist";
				IPHONEOS_DEPLOYMENT_TARGET = 10.0;
				LD_RUNPATH_SEARCH_PATHS = "$(inherited) @executable_path/Frameworks";
				PRODUCT_BUNDLE_IDENTIFIER = "com.luko.Recognizer-Chords";
				PRODUCT_NAME = "$(TARGET_NAME)";
				SWIFT_VERSION = 4.0;
				TARGETED_DEVICE_FAMILY = "1,2";
			};
			name = Release;
		};
/* End XCBuildConfiguration section */

/* Begin XCConfigurationList section */
		A6A35025207E504C000E79E1 /* Build configuration list for PBXProject "Recognizer Chords" */ = {
			isa = XCConfigurationList;
			buildConfigurations = (
				A6A3503A207E504C000E79E1 /* Debug */,
				A6A3503B207E504C000E79E1 /* Release */,
			);
			defaultConfigurationIsVisible = 0;
			defaultConfigurationName = Release;
		};
		A6A3503C207E504C000E79E1 /* Build configuration list for PBXNativeTarget "Recognizer Chords" */ = {
			isa = XCConfigurationList;
			buildConfigurations = (
				A6A3503D207E504C000E79E1 /* Debug */,
				A6A3503E207E504C000E79E1 /* Release */,
			);
			defaultConfigurationIsVisible = 0;
			defaultConfigurationName = Release;
		};
/* End XCConfigurationList section */
	};
	rootObject = A6A35022207E504C000E79E1 /* Project object */;
}
